
Microsoft Visual Studio Solution File, Format Version 12.00
# Visual Studio 15
VisualStudioVersion = 15.0.28307.329
MinimumVisualStudioVersion = 10.0.40219.1
Project("{FAE04EC0-301F-11D3-BF4B-00C04F79EFBC}") = "Bank", "Bank\Bank.csproj", "{7099E257-4026-4290-A834-14BABA8D4EB8}"
EndProject
Project("{FAE04EC0-301F-11D3-BF4B-00C04F79EFBC}") = "ATM", "ATM\ATM.csproj", "{D2AE55E7-5111-481B-A637-B33FA54901A2}"
EndProject
Project("{FAE04EC0-301F-11D3-BF4B-00C04F79EFBC}") = "DataLogic", "DataLogic\DataLogic.csproj", "{9E676EE7-E9B4-48AA-B26A-2068D51BE09E}"
EndProject
Global
	GlobalSection(SolutionConfigurationPlatforms) = preSolution
		Debug|Any CPU = Debug|Any CPU
		Release|Any CPU = Release|Any CPU
	EndGlobalSection
	GlobalSection(ProjectConfigurationPlatforms) = postSolution
		{7099E257-4026-4290-A834-14BABA8D4EB8}.Debug|Any CPU.ActiveCfg = Debug|Any CPU
		{7099E257-4026-4290-A834-14BABA8D4EB8}.Debug|Any CPU.Build.0 = Debug|Any CPU
		{7099E257-4026-4290-A834-14BABA8D4EB8}.Release|Any CPU.ActiveCfg = Release|Any CPU
		{7099E257-4026-4290-A834-14BABA8D4EB8}.Release|Any CPU.Build.0 = Release|Any CPU
		{D2AE55E7-5111-481B-A637-B33FA54901A2}.Debug|Any CPU.ActiveCfg = Debug|Any CPU
		{D2AE55E7-5111-481B-A637-B33FA54901A2}.Debug|Any CPU.Build.0 = Debug|Any CPU
		{D2AE55E7-5111-481B-A637-B33FA54901A2}.Release|Any CPU.ActiveCfg = Release|Any CPU
		{D2AE55E7-5111-481B-A637-B33FA54901A2}.Release|Any CPU.Build.0 = Release|Any CPU
		{9E676EE7-E9B4-48AA-B26A-2068D51BE09E}.Debug|Any CPU.ActiveCfg = Debug|Any CPU
		{9E676EE7-E9B4-48AA-B26A-2068D51BE09E}.Debug|Any CPU.Build.0 = Debug|Any CPU
		{9E676EE7-E9B4-48AA-B26A-2068D51BE09E}.Release|Any CPU.ActiveCfg = Release|Any CPU
		{9E676EE7-E9B4-48AA-B26A-2068D51BE09E}.Release|Any CPU.Build.0 = Release|Any CPU
	EndGlobalSection
	GlobalSection(SolutionProperties) = preSolution
		HideSolutionNode = FALSE
	EndGlobalSection
	GlobalSection(ExtensibilityGlobals) = postSolution
		SolutionGuid = {824BD13B-16D1-44FE-A5CF-04390BA024C2}
	EndGlobalSection
EndGlobal
